
Microsoft Visual Studio Solution File, Format Version 12.00
# Visual Studio Version 16
VisualStudioVersion = 16.0.29411.108
MinimumVisualStudioVersion = 10.0.40219.1
Project("{FAE04EC0-301F-11D3-BF4B-00C04F79EFBC}") = "dotnet-core-login-form", "dotnet-core-login-form\dotnet-core-login-form.csproj", "{F167C380-042E-4BD4-AD6D-5C272357F1FA}"
EndProject
Global
	GlobalSection(SolutionConfigurationPlatforms) = preSolution
		Debug|Any CPU = Debug|Any CPU
		Release|Any CPU = Release|Any CPU
	EndGlobalSection
	GlobalSection(ProjectConfigurationPlatforms) = postSolution
		{F167C380-042E-4BD4-AD6D-5C272357F1FA}.Debug|Any CPU.ActiveCfg = Debug|Any CPU
		{F167C380-042E-4BD4-AD6D-5C272357F1FA}.Debug|Any CPU.Build.0 = Debug|Any CPU
		{F167C380-042E-4BD4-AD6D-5C272357F1FA}.Release|Any CPU.ActiveCfg = Release|Any CPU
		{F167C380-042E-4BD4-AD6D-5C272357F1FA}.Release|Any CPU.Build.0 = Release|Any CPU
	EndGlobalSection
	GlobalSection(SolutionProperties) = preSolution
		HideSolutionNode = FALSE
	EndGlobalSection
	GlobalSection(ExtensibilityGlobals) = postSolution
		SolutionGuid = {5D66CC95-4CAA-4907-A6D1-FCEB56B67CEF}
	EndGlobalSection
EndGlobal
